<?xml version="1.0" encoding="utf-8"?>
<Project ToolsVersion="4.0" xmlns="http://schemas.microsoft.com/developer/msbuild/2003">
  <ItemGroup>
    <Filter Include="Source Files">
      <UniqueIdentifier>{4FC737F1-C7A5-4376-A066-2A32D752A2FF}</UniqueIdentifier>
      <Extensions>cpp;c;cc;cxx;def;odl;idl;hpj;bat;asm;asmx</Extensions>
    </Filter>
    <Filter Include="Header Files">
      <UniqueIdentifier>{93995380-89BD-4b04-88EB-625FBE52EBFB}</UniqueIdentifier>
      <Extensions>h;hh;hpp;hxx;hm;inl;inc;xsd</Extensions>
    </Filter>
    <Filter Include="Resource Files">
      <UniqueIdentifier>{D9D6E242-F8AF-46E4-B9FD-80ECBC20BA3E}</UniqueIdentifier>
      <Extensions>qrc;*</Extensions>
      <ParseFiles>false</ParseFiles>
    </Filter>
    <Filter Include="Form Files">
      <UniqueIdentifier>{99349809-55BA-4b9d-BF79-8FDBB0286EB3}</UniqueIdentifier>
      <Extensions>ui</Extensions>
    </Filter>
    <Filter Include="Resource Files">
      <UniqueIdentifier>{D9D6E242-F8AF-46E4-B9FD-80ECBC20BA3E}</UniqueIdentifier>
      <Extensions>qrc;*</Extensions>
      <ParseFiles>false</ParseFiles>
    </Filter>
    <Filter Include="LogQt5">
      <UniqueIdentifier>{887d4cda-2e7e-4833-8a7d-689e9d773d46}</UniqueIdentifier>
    </Filter>
    <Filter Include="MapMark">
      <UniqueIdentifier>{36ce6229-4220-4513-b60a-c0cb79126e3e}</UniqueIdentifier>
    </Filter>
    <Filter Include="MapTool">
      <UniqueIdentifier>{fc6c6d44-7d48-4632-a3c1-9bdc6803df3e}</UniqueIdentifier>
    </Filter>
    <Filter Include="MapStyle">
      <UniqueIdentifier>{e8239479-1b9c-4ea6-938c-2b94d00d2355}</UniqueIdentifier>
    </Filter>
  </ItemGroup>
  <ItemGroup>
    <ClCompile Include="main.cpp">
      <Filter>Source Files</Filter>
    </ClCompile>
    <ClCompile Include="sqGisMainWindow.cpp">
      <Filter>Source Files</Filter>
    </ClCompile>
    <ClCompile Include="ConvertCoorDlg.cpp">
      <Filter>Source Files</Filter>
    </ClCompile>
    <ClCompile Include="AboutDlg.cpp">
      <Filter>Source Files</Filter>
    </ClCompile>
    <ClCompile Include="MapLayerManager.cpp">
      <Filter>Source Files</Filter>
    </ClCompile>
    <ClCompile Include="LogQt5\LogHandlerWrapper.cpp">
      <Filter>LogQt5</Filter>
    </ClCompile>
    <ClCompile Include="LayerManagerFrame.cpp">
      <Filter>Source Files</Filter>
    </ClCompile>
    <ClCompile Include="MapMark\LineMarkLayer.cpp">
      <Filter>MapMark</Filter>
    </ClCompile>
    <ClCompile Include="MapMark\MarkLayer.cpp">
      <Filter>MapMark</Filter>
    </ClCompile>
    <ClCompile Include="MapMark\PointMarkLayer.cpp">
      <Filter>MapMark</Filter>
    </ClCompile>
    <ClCompile Include="MapTool\MapToolMarkPoint.cpp">
      <Filter>MapTool</Filter>
    </ClCompile>
    <ClCompile Include="MapTool\MapToolMovePoint.cpp">
      <Filter>MapTool</Filter>
    </ClCompile>
    <ClCompile Include="FeatureEditDlg.cpp">
      <Filter>Source Files</Filter>
    </ClCompile>
    <ClCompile Include="MapTool\MapToolMarkSelect.cpp">
      <Filter>MapTool</Filter>
    </ClCompile>
    <ClCompile Include="MapTool\MapToolMarkLine.cpp">
      <Filter>MapTool</Filter>
    </ClCompile>
    <ClCompile Include="MapTool\MapToolMarkPolygon.cpp">
      <Filter>MapTool</Filter>
    </ClCompile>
    <ClCompile Include="MapMark\PolygonMarkLayer.cpp">
      <Filter>MapMark</Filter>
    </ClCompile>
    <ClCompile Include="MapTool\MapToolMarkAbstract.cpp">
      <Filter>MapTool</Filter>
    </ClCompile>
    <ClCompile Include="MapStyle\MapLabelStyleFactory.cpp">
      <Filter>MapStyle</Filter>
    </ClCompile>
    <ClCompile Include="NavMsgReceiverDlg.cpp">
      <Filter>Source Files</Filter>
    </ClCompile>
    <ClCompile Include="MapStyle\MarkerSymbolFactory.cpp">
      <Filter>MapStyle</Filter>
    </ClCompile>
    <ClCompile Include="MapMark\PointMarkFeature.cpp">
      <Filter>MapMark</Filter>
    </ClCompile>
    <ClCompile Include="MapMark\LineMarkFeature.cpp">
      <Filter>MapMark</Filter>
    </ClCompile>
    <ClCompile Include="MapMark\MarkFeature.cpp">
      <Filter>MapMark</Filter>
    </ClCompile>
    <ClCompile Include="MapMark\PolygonMarkFeature.cpp">
      <Filter>MapMark</Filter>
    </ClCompile>
  </ItemGroup>
  <ItemGroup>
    <QtMoc Include="sqGisMainWindow.h">
      <Filter>Header Files</Filter>
    </QtMoc>
    <QtMoc Include="ConvertCoorDlg.h">
      <Filter>Header Files</Filter>
    </QtMoc>
    <QtMoc Include="AboutDlg.h">
      <Filter>Header Files</Filter>
    </QtMoc>
    <QtMoc Include="LogQt5\LogTextEdit.h">
      <Filter>LogQt5</Filter>
    </QtMoc>
    <QtMoc Include="LogQt5\LogHandlerWrapper.h">
      <Filter>LogQt5</Filter>
    </QtMoc>
    <QtMoc Include="LayerManagerFrame.h">
      <Filter>Header Files</Filter>
    </QtMoc>
    <QtMoc Include="FeatureEditDlg.h">
      <Filter>Header Files</Filter>
    </QtMoc>
    <QtMoc Include="MapTool\MapToolMarkPoint.h">
      <Filter>MapTool</Filter>
    </QtMoc>
    <QtMoc Include="MapTool\MapToolMarkLine.h">
      <Filter>MapTool</Filter>
    </QtMoc>
    <QtMoc Include="MapTool\MapToolMarkPolygon.h">
      <Filter>MapTool</Filter>
    </QtMoc>
    <QtMoc Include="MapTool\MapToolMarkAbstract.h">
      <Filter>MapTool</Filter>
    </QtMoc>
    <QtMoc Include="NavMsgReceiverDlg.h">
      <Filter>Header Files</Filter>
    </QtMoc>
  </ItemGroup>
  <ItemGroup>
    <QtRcc Include="sqGis.qrc">
      <Filter>Resource Files</Filter>
    </QtRcc>
  </ItemGroup>
  <ItemGroup>
    <QtUic Include="sqGisMainWindow.ui">
      <Filter>Form Files</Filter>
    </QtUic>
    <QtUic Include="ConvertCoorDlg.ui">
      <Filter>Form Files</Filter>
    </QtUic>
    <QtUic Include="AboutDlg.ui">
      <Filter>Form Files</Filter>
    </QtUic>
    <QtUic Include="LayerManagerFrame.ui">
      <Filter>Form Files</Filter>
    </QtUic>
    <QtUic Include="FeatureEditDlg.ui">
      <Filter>Form Files</Filter>
    </QtUic>
    <QtUic Include="NavMsgReceiverDlg.ui">
      <Filter>Form Files</Filter>
    </QtUic>
  </ItemGroup>
  <ItemGroup>
    <ClInclude Include="resource.h">
      <Filter>Header Files</Filter>
    </ClInclude>
    <ClInclude Include="options.h">
      <Filter>Header Files</Filter>
    </ClInclude>
    <ClInclude Include="MapLayerManager.h">
      <Filter>Header Files</Filter>
    </ClInclude>
    <ClInclude Include="MapMark\LineMarkLayer.h">
      <Filter>MapMark</Filter>
    </ClInclude>
    <ClInclude Include="MapMark\MarkLayer.h">
      <Filter>MapMark</Filter>
    </ClInclude>
    <ClInclude Include="MapMark\PointMarkLayer.h">
      <Filter>MapMark</Filter>
    </ClInclude>
    <ClInclude Include="MapTool\MapToolMovePoint.h">
      <Filter>MapTool</Filter>
    </ClInclude>
    <ClInclude Include="MapTool\MapToolMarkSelect.h">
      <Filter>MapTool</Filter>
    </ClInclude>
    <ClInclude Include="MapMark\PolygonMarkLayer.h">
      <Filter>MapMark</Filter>
    </ClInclude>
    <ClInclude Include="MapStyle\MapLabelStyleFactory.h">
      <Filter>MapStyle</Filter>
    </ClInclude>
    <ClInclude Include="MapStyle\MarkerSymbolFactory.h">
      <Filter>MapStyle</Filter>
    </ClInclude>
    <ClInclude Include="MapMark\PointMarkFeature.h">
      <Filter>MapMark</Filter>
    </ClInclude>
    <ClInclude Include="MapMark\LineMarkFeature.h">
      <Filter>MapMark</Filter>
    </ClInclude>
    <ClInclude Include="MapMark\MarkFeature.h">
      <Filter>MapMark</Filter>
    </ClInclude>
    <ClInclude Include="MapMark\PolygonMarkFeature.h">
      <Filter>MapMark</Filter>
    </ClInclude>
  </ItemGroup>
  <ItemGroup>
    <ResourceCompile Include="sqGis.rc" />
  </ItemGroup>
</Project>